
Microsoft Visual Studio Solution File, Format Version 12.00
# Visual Studio Version 17
VisualStudioVersion = 17.0.31903.59
MinimumVisualStudioVersion = 10.0.40219.1
Project("{FAE04EC0-301F-11D3-BF4B-00C04F79EFBC}") = "HospitalManagementSystem.API", "HospitalManagementSystem.API\HospitalManagementSystem.API.csproj", "{5E149603-83B6-47E7-8D62-E0738BC2FCFE}"
EndProject
Project("{FAE04EC0-301F-11D3-BF4B-00C04F79EFBC}") = "HospitalManagementSystem.Domain", "HospitalManagementSystem.Domain\HospitalManagementSystem.Domain.csproj", "{9B131A33-14ED-4CD0-8004-3BF88CEF0974}"
EndProject
Project("{FAE04EC0-301F-11D3-BF4B-00C04F79EFBC}") = "HospitalManagementSystem.Application", "HospitalManagementSystem.Application\HospitalManagementSystem.Application.csproj", "{DC52A5DF-F174-4E90-8EAC-13761426F2FF}"
EndProject
Project("{FAE04EC0-301F-11D3-BF4B-00C04F79EFBC}") = "HospitalManagementSystem.Infrastructure", "HospitalManagementSystem.Infrastructure\HospitalManagementSystem.Infrastructure.csproj", "{CB60E599-2821-4E37-906B-194C1A6926F8}"
EndProject
Global
	GlobalSection(SolutionConfigurationPlatforms) = preSolution
		Debug|Any CPU = Debug|Any CPU
		Debug|x64 = Debug|x64
		Debug|x86 = Debug|x86
		Release|Any CPU = Release|Any CPU
		Release|x64 = Release|x64
		Release|x86 = Release|x86
	EndGlobalSection
	GlobalSection(ProjectConfigurationPlatforms) = postSolution
		{5E149603-83B6-47E7-8D62-E0738BC2FCFE}.Debug|Any CPU.ActiveCfg = Debug|Any CPU
		{5E149603-83B6-47E7-8D62-E0738BC2FCFE}.Debug|Any CPU.Build.0 = Debug|Any CPU
		{5E149603-83B6-47E7-8D62-E0738BC2FCFE}.Debug|x64.ActiveCfg = Debug|Any CPU
		{5E149603-83B6-47E7-8D62-E0738BC2FCFE}.Debug|x64.Build.0 = Debug|Any CPU
		{5E149603-83B6-47E7-8D62-E0738BC2FCFE}.Debug|x86.ActiveCfg = Debug|Any CPU
		{5E149603-83B6-47E7-8D62-E0738BC2FCFE}.Debug|x86.Build.0 = Debug|Any CPU
		{5E149603-83B6-47E7-8D62-E0738BC2FCFE}.Release|Any CPU.ActiveCfg = Release|Any CPU
		{5E149603-83B6-47E7-8D62-E0738BC2FCFE}.Release|Any CPU.Build.0 = Release|Any CPU
		{5E149603-83B6-47E7-8D62-E0738BC2FCFE}.Release|x64.ActiveCfg = Release|Any CPU
		{5E149603-83B6-47E7-8D62-E0738BC2FCFE}.Release|x64.Build.0 = Release|Any CPU
		{5E149603-83B6-47E7-8D62-E0738BC2FCFE}.Release|x86.ActiveCfg = Release|Any CPU
		{5E149603-83B6-47E7-8D62-E0738BC2FCFE}.Release|x86.Build.0 = Release|Any CPU
		{9B131A33-14ED-4CD0-8004-3BF88CEF0974}.Debug|Any CPU.ActiveCfg = Debug|Any CPU
		{9B131A33-14ED-4CD0-8004-3BF88CEF0974}.Debug|Any CPU.Build.0 = Debug|Any CPU
		{9B131A33-14ED-4CD0-8004-3BF88CEF0974}.Debug|x64.ActiveCfg = Debug|Any CPU
		{9B131A33-14ED-4CD0-8004-3BF88CEF0974}.Debug|x64.Build.0 = Debug|Any CPU
		{9B131A33-14ED-4CD0-8004-3BF88CEF0974}.Debug|x86.ActiveCfg = Debug|Any CPU
		{9B131A33-14ED-4CD0-8004-3BF88CEF0974}.Debug|x86.Build.0 = Debug|Any CPU
		{9B131A33-14ED-4CD0-8004-3BF88CEF0974}.Release|Any CPU.ActiveCfg = Release|Any CPU
		{9B131A33-14ED-4CD0-8004-3BF88CEF0974}.Release|Any CPU.Build.0 = Release|Any CPU
		{9B131A33-14ED-4CD0-8004-3BF88CEF0974}.Release|x64.ActiveCfg = Release|Any CPU
		{9B131A33-14ED-4CD0-8004-3BF88CEF0974}.Release|x64.Build.0 = Release|Any CPU
		{9B131A33-14ED-4CD0-8004-3BF88CEF0974}.Release|x86.ActiveCfg = Release|Any CPU
		{9B131A33-14ED-4CD0-8004-3BF88CEF0974}.Release|x86.Build.0 = Release|Any CPU
		{DC52A5DF-F174-4E90-8EAC-13761426F2FF}.Debug|Any CPU.ActiveCfg = Debug|Any CPU
		{DC52A5DF-F174-4E90-8EAC-13761426F2FF}.Debug|Any CPU.Build.0 = Debug|Any CPU
		{DC52A5DF-F174-4E90-8EAC-13761426F2FF}.Debug|x64.ActiveCfg = Debug|Any CPU
		{DC52A5DF-F174-4E90-8EAC-13761426F2FF}.Debug|x64.Build.0 = Debug|Any CPU
		{DC52A5DF-F174-4E90-8EAC-13761426F2FF}.Debug|x86.ActiveCfg = Debug|Any CPU
		{DC52A5DF-F174-4E90-8EAC-13761426F2FF}.Debug|x86.Build.0 = Debug|Any CPU
		{DC52A5DF-F174-4E90-8EAC-13761426F2FF}.Release|Any CPU.ActiveCfg = Release|Any CPU
		{DC52A5DF-F174-4E90-8EAC-13761426F2FF}.Release|Any CPU.Build.0 = Release|Any CPU
		{DC52A5DF-F174-4E90-8EAC-13761426F2FF}.Release|x64.ActiveCfg = Release|Any CPU
		{DC52A5DF-F174-4E90-8EAC-13761426F2FF}.Release|x64.Build.0 = Release|Any CPU
		{DC52A5DF-F174-4E90-8EAC-13761426F2FF}.Release|x86.ActiveCfg = Release|Any CPU
		{DC52A5DF-F174-4E90-8EAC-13761426F2FF}.Release|x86.Build.0 = Release|Any CPU
		{CB60E599-2821-4E37-906B-194C1A6926F8}.Debug|Any CPU.ActiveCfg = Debug|Any CPU
		{CB60E599-2821-4E37-906B-194C1A6926F8}.Debug|Any CPU.Build.0 = Debug|Any CPU
		{CB60E599-2821-4E37-906B-194C1A6926F8}.Debug|x64.ActiveCfg = Debug|Any CPU
		{CB60E599-2821-4E37-906B-194C1A6926F8}.Debug|x64.Build.0 = Debug|Any CPU
		{CB60E599-2821-4E37-906B-194C1A6926F8}.Debug|x86.ActiveCfg = Debug|Any CPU
		{CB60E599-2821-4E37-906B-194C1A6926F8}.Debug|x86.Build.0 = Debug|Any CPU
		{CB60E599-2821-4E37-906B-194C1A6926F8}.Release|Any CPU.ActiveCfg = Release|Any CPU
		{CB60E599-2821-4E37-906B-194C1A6926F8}.Release|Any CPU.Build.0 = Release|Any CPU
		{CB60E599-2821-4E37-906B-194C1A6926F8}.Release|x64.ActiveCfg = Release|Any CPU
		{CB60E599-2821-4E37-906B-194C1A6926F8}.Release|x64.Build.0 = Release|Any CPU
		{CB60E599-2821-4E37-906B-194C1A6926F8}.Release|x86.ActiveCfg = Release|Any CPU
		{CB60E599-2821-4E37-906B-194C1A6926F8}.Release|x86.Build.0 = Release|Any CPU
	EndGlobalSection
	GlobalSection(SolutionProperties) = preSolution
		HideSolutionNode = FALSE
	EndGlobalSection
EndGlobal
